
Microsoft Visual Studio Solution File, Format Version 12.00
# Visual Studio 2013
VisualStudioVersion = 12.0.31101.0
MinimumVisualStudioVersion = 10.0.40219.1
Project("{F2A71F9B-5D33-465A-A702-920D77279786}") = "<%= namespace %>", "<%= namespace %>\<%= namespace %>.fsproj", "{CBD82A5F-38BA-4B1C-92B3-B4A2E46D8958}"
EndProject
Project("{2150E333-8FDC-42A3-9474-1A3956D46DE8}") = ".nuget", ".nuget", "{0B5E3408-DC30-4410-B94E-611BF9AA7BCA}"
	ProjectSection(SolutionItems) = preProject
		.nuget\packages.config = .nuget\packages.config
	EndProjectSection
EndProject
Global
	GlobalSection(SolutionConfigurationPlatforms) = preSolution
		Debug|Any CPU = Debug|Any CPU
		Release|Any CPU = Release|Any CPU
	EndGlobalSection
	GlobalSection(ProjectConfigurationPlatforms) = postSolution
		{CBD82A5F-38BA-4B1C-92B3-B4A2E46D8958}.Debug|Any CPU.ActiveCfg = Debug|Any CPU
		{CBD82A5F-38BA-4B1C-92B3-B4A2E46D8958}.Debug|Any CPU.Build.0 = Debug|Any CPU
		{CBD82A5F-38BA-4B1C-92B3-B4A2E46D8958}.Release|Any CPU.ActiveCfg = Release|Any CPU
		{CBD82A5F-38BA-4B1C-92B3-B4A2E46D8958}.Release|Any CPU.Build.0 = Release|Any CPU
	EndGlobalSection
	GlobalSection(SolutionProperties) = preSolution
		HideSolutionNode = FALSE
	EndGlobalSection
EndGlobal
